// !$*UTF8*$!
{
	archiveVersion = 1;
	classes = {
	};
	objectVersion = 46;
	objects = {

/* Begin PBXBuildFile section */
		6810A37018A46F5800FD1F4D /* Foundation.framework in Frameworks */ = {isa = PBXBuildFile; fileRef = 6810A36F18A46F5800FD1F4D /* Foundation.framework */; };
		6810A37218A46F5800FD1F4D /* CoreGraphics.framework in Frameworks */ = {isa = PBXBuildFile; fileRef = 6810A37118A46F5800FD1F4D /* CoreGraphics.framework */; };
		6810A37418A46F5800FD1F4D /* UIKit.framework in Frameworks */ = {isa = PBXBuildFile; fileRef = 6810A37318A46F5800FD1F4D /* UIKit.framework */; };
		6810A37A18A46F5800FD1F4D /* InfoPlist.strings in Resources */ = {isa = PBXBuildFile; fileRef = 6810A37818A46F5800FD1F4D /* InfoPlist.strings */; };
		6810A37C18A46F5800FD1F4D /* main.m in Sources */ = {isa = PBXBuildFile; fileRef = 6810A37B18A46F5800FD1F4D /* main.m */; };
		6810A38018A46F5800FD1F4D /* TAPICAppDelegate.m in Sources */ = {isa = PBXBuildFile; fileRef = 6810A37F18A46F5800FD1F4D /* TAPICAppDelegate.m */; };
		6810A38218A46F5800FD1F4D /* Images.xcassets in Resources */ = {isa = PBXBuildFile; fileRef = 6810A38118A46F5800FD1F4D /* Images.xcassets */; };
		6810A38918A46F5800FD1F4D /* XCTest.framework in Frameworks */ = {isa = PBXBuildFile; fileRef = 6810A38818A46F5800FD1F4D /* XCTest.framework */; };
		6810A38A18A46F5800FD1F4D /* Foundation.framework in Frameworks */ = {isa = PBXBuildFile; fileRef = 6810A36F18A46F5800FD1F4D /* Foundation.framework */; };
		6810A38B18A46F5800FD1F4D /* UIKit.framework in Frameworks */ = {isa = PBXBuildFile; fileRef = 6810A37318A46F5800FD1F4D /* UIKit.framework */; };
		6810A39318A46F5800FD1F4D /* InfoPlist.strings in Resources */ = {isa = PBXBuildFile; fileRef = 6810A39118A46F5800FD1F4D /* InfoPlist.strings */; };
		6810A39518A46F5800FD1F4D /* TAPICTests.m in Sources */ = {isa = PBXBuildFile; fileRef = 6810A39418A46F5800FD1F4D /* TAPICTests.m */; };
		6810A39F18A4701900FD1F4D /* Main.storyboard in Resources */ = {isa = PBXBuildFile; fileRef = 6810A39E18A4701900FD1F4D /* Main.storyboard */; };
		68686C8118BEDA3000F1719E /* TAPICTabBarController.m in Sources */ = {isa = PBXBuildFile; fileRef = 68686C8018BEDA3000F1719E /* TAPICTabBarController.m */; };
		68686C8B18BFC14D00F1719E /* TAPICMessageEntryCell.m in Sources */ = {isa = PBXBuildFile; fileRef = 68686C8A18BFC14D00F1719E /* TAPICMessageEntryCell.m */; };
		687AD44418A839D200E03673 /* TAPICVoiceViewController.m in Sources */ = {isa = PBXBuildFile; fileRef = 687AD44318A839D200E03673 /* TAPICVoiceViewController.m */; };
		68ABDFDF18B1668200438DEF /* TAPICSOSViewController.m in Sources */ = {isa = PBXBuildFile; fileRef = 68ABDFDE18B1668100438DEF /* TAPICSOSViewController.m */; };
		68D0C09F18C28965004B5AB9 /* TAPICMessage.m in Sources */ = {isa = PBXBuildFile; fileRef = 68D0C09E18C28965004B5AB9 /* TAPICMessage.m */; };
		68D0C0A518C29D9A004B5AB9 /* TAPICTextMessageViewController.m in Sources */ = {isa = PBXBuildFile; fileRef = 68D0C0A418C29D9A004B5AB9 /* TAPICTextMessageViewController.m */; };
		68D0C0A818C322A3004B5AB9 /* TAPICReceivedVoiceMessageTableViewController.m in Sources */ = {isa = PBXBuildFile; fileRef = 68D0C0A718C322A3004B5AB9 /* TAPICReceivedVoiceMessageTableViewController.m */; };
		68D0C0AB18C3245E004B5AB9 /* TAPICReceivedMessage.m in Sources */ = {isa = PBXBuildFile; fileRef = 68D0C0AA18C3245E004B5AB9 /* TAPICReceivedMessage.m */; };
		68D0C0AE18C3265B004B5AB9 /* TAPICReceivedMessageCell.m in Sources */ = {isa = PBXBuildFile; fileRef = 68D0C0AD18C3265B004B5AB9 /* TAPICReceivedMessageCell.m */; };
/* End PBXBuildFile section */

/* Begin PBXContainerItemProxy section */
		6810A38C18A46F5800FD1F4D /* PBXContainerItemProxy */ = {
			isa = PBXContainerItemProxy;
			containerPortal = 6810A36418A46F5800FD1F4D /* Project object */;
			proxyType = 1;
			remoteGlobalIDString = 6810A36B18A46F5800FD1F4D;
			remoteInfo = TAPIC;
		};
/* End PBXContainerItemProxy section */

/* Begin PBXFileReference section */
		6810A36C18A46F5800FD1F4D /* TAPIC.app */ = {isa = PBXFileReference; explicitFileType = wrapper.application; includeInIndex = 0; path = TAPIC.app; sourceTree = BUILT_PRODUCTS_DIR; };
		6810A36F18A46F5800FD1F4D /* Foundation.framework */ = {isa = PBXFileReference; lastKnownFileType = wrapper.framework; name = Foundation.framework; path = System/Library/Frameworks/Foundation.framework; sourceTree = SDKROOT; };
		6810A37118A46F5800FD1F4D /* CoreGraphics.framework */ = {isa = PBXFileReference; lastKnownFileType = wrapper.framework; name = CoreGraphics.framework; path = System/Library/Frameworks/CoreGraphics.framework; sourceTree = SDKROOT; };
		6810A37318A46F5800FD1F4D /* UIKit.framework */ = {isa = PBXFileReference; lastKnownFileType = wrapper.framework; name = UIKit.framework; path = System/Library/Frameworks/UIKit.framework; sourceTree = SDKROOT; };
		6810A37718A46F5800FD1F4D /* TAPIC-Info.plist */ = {isa = PBXFileReference; lastKnownFileType = text.plist.xml; path = "TAPIC-Info.plist"; sourceTree = "<group>"; };
		6810A37918A46F5800FD1F4D /* en */ = {isa = PBXFileReference; lastKnownFileType = text.plist.strings; name = en; path = en.lproj/InfoPlist.strings; sourceTree = "<group>"; };
		6810A37B18A46F5800FD1F4D /* main.m */ = {isa = PBXFileReference; lastKnownFileType = sourcecode.c.objc; path = main.m; sourceTree = "<group>"; };
		6810A37D18A46F5800FD1F4D /* TAPIC-Prefix.pch */ = {isa = PBXFileReference; lastKnownFileType = sourcecode.c.h; path = "TAPIC-Prefix.pch"; sourceTree = "<group>"; };
		6810A37E18A46F5800FD1F4D /* TAPICAppDelegate.h */ = {isa = PBXFileReference; lastKnownFileType = sourcecode.c.h; path = TAPICAppDelegate.h; sourceTree = "<group>"; };
		6810A37F18A46F5800FD1F4D /* TAPICAppDelegate.m */ = {isa = PBXFileReference; lastKnownFileType = sourcecode.c.objc; path = TAPICAppDelegate.m; sourceTree = "<group>"; };
		6810A38118A46F5800FD1F4D /* Images.xcassets */ = {isa = PBXFileReference; lastKnownFileType = folder.assetcatalog; path = Images.xcassets; sourceTree = "<group>"; };
		6810A38718A46F5800FD1F4D /* TAPICTests.xctest */ = {isa = PBXFileReference; explicitFileType = wrapper.cfbundle; includeInIndex = 0; path = TAPICTests.xctest; sourceTree = BUILT_PRODUCTS_DIR; };
		6810A38818A46F5800FD1F4D /* XCTest.framework */ = {isa = PBXFileReference; lastKnownFileType = wrapper.framework; name = XCTest.framework; path = Library/Frameworks/XCTest.framework; sourceTree = DEVELOPER_DIR; };
		6810A39018A46F5800FD1F4D /* TAPICTests-Info.plist */ = {isa = PBXFileReference; lastKnownFileType = text.plist.xml; path = "TAPICTests-Info.plist"; sourceTree = "<group>"; };
		6810A39218A46F5800FD1F4D /* en */ = {isa = PBXFileReference; lastKnownFileType = text.plist.strings; name = en; path = en.lproj/InfoPlist.strings; sourceTree = "<group>"; };
		6810A39418A46F5800FD1F4D /* TAPICTests.m */ = {isa = PBXFileReference; lastKnownFileType = sourcecode.c.objc; path = TAPICTests.m; sourceTree = "<group>"; };
		6810A39E18A4701900FD1F4D /* Main.storyboard */ = {isa = PBXFileReference; fileEncoding = 4; lastKnownFileType = file.storyboard; name = Main.storyboard; path = ../Main.storyboard; sourceTree = "<group>"; };
		68686C7F18BEDA3000F1719E /* TAPICTabBarController.h */ = {isa = PBXFileReference; fileEncoding = 4; lastKnownFileType = sourcecode.c.h; path = TAPICTabBarController.h; sourceTree = SOURCE_ROOT; };
		68686C8018BEDA3000F1719E /* TAPICTabBarController.m */ = {isa = PBXFileReference; fileEncoding = 4; lastKnownFileType = sourcecode.c.objc; path = TAPICTabBarController.m; sourceTree = SOURCE_ROOT; };
		68686C8918BFC14D00F1719E /* TAPICMessageEntryCell.h */ = {isa = PBXFileReference; fileEncoding = 4; lastKnownFileType = sourcecode.c.h; path = TAPICMessageEntryCell.h; sourceTree = "<group>"; };
		68686C8A18BFC14D00F1719E /* TAPICMessageEntryCell.m */ = {isa = PBXFileReference; fileEncoding = 4; lastKnownFileType = sourcecode.c.objc; path = TAPICMessageEntryCell.m; sourceTree = "<group>"; };
		687AD44218A839D200E03673 /* TAPICVoiceViewController.h */ = {isa = PBXFileReference; fileEncoding = 4; lastKnownFileType = sourcecode.c.h; path = TAPICVoiceViewController.h; sourceTree = "<group>"; };
		687AD44318A839D200E03673 /* TAPICVoiceViewController.m */ = {isa = PBXFileReference; fileEncoding = 4; lastKnownFileType = sourcecode.c.objc; path = TAPICVoiceViewController.m; sourceTree = "<group>"; };
		68ABDFDD18B1668100438DEF /* TAPICSOSViewController.h */ = {isa = PBXFileReference; fileEncoding = 4; lastKnownFileType = sourcecode.c.h; path = TAPICSOSViewController.h; sourceTree = SOURCE_ROOT; };
		68ABDFDE18B1668100438DEF /* TAPICSOSViewController.m */ = {isa = PBXFileReference; fileEncoding = 4; lastKnownFileType = sourcecode.c.objc; path = TAPICSOSViewController.m; sourceTree = SOURCE_ROOT; };
		68D0C09D18C28965004B5AB9 /* TAPICMessage.h */ = {isa = PBXFileReference; fileEncoding = 4; lastKnownFileType = sourcecode.c.h; path = TAPICMessage.h; sourceTree = "<group>"; };
		68D0C09E18C28965004B5AB9 /* TAPICMessage.m */ = {isa = PBXFileReference; fileEncoding = 4; lastKnownFileType = sourcecode.c.objc; path = TAPICMessage.m; sourceTree = "<group>"; };
		68D0C0A318C29D9A004B5AB9 /* TAPICTextMessageViewController.h */ = {isa = PBXFileReference; fileEncoding = 4; lastKnownFileType = sourcecode.c.h; name = TAPICTextMessageViewController.h; path = TAPIC/TAPICTextMessageViewController.h; sourceTree = "<group>"; };
		68D0C0A418C29D9A004B5AB9 /* TAPICTextMessageViewController.m */ = {isa = PBXFileReference; fileEncoding = 4; lastKnownFileType = sourcecode.c.objc; name = TAPICTextMessageViewController.m; path = TAPIC/TAPICTextMessageViewController.m; sourceTree = "<group>"; };
		68D0C0A618C322A3004B5AB9 /* TAPICReceivedVoiceMessageTableViewController.h */ = {isa = PBXFileReference; fileEncoding = 4; lastKnownFileType = sourcecode.c.h; path = TAPICReceivedVoiceMessageTableViewController.h; sourceTree = "<group>"; };
		68D0C0A718C322A3004B5AB9 /* TAPICReceivedVoiceMessageTableViewController.m */ = {isa = PBXFileReference; fileEncoding = 4; lastKnownFileType = sourcecode.c.objc; path = TAPICReceivedVoiceMessageTableViewController.m; sourceTree = "<group>"; };
		68D0C0A918C3245E004B5AB9 /* TAPICReceivedMessage.h */ = {isa = PBXFileReference; fileEncoding = 4; lastKnownFileType = sourcecode.c.h; path = TAPICReceivedMessage.h; sourceTree = "<group>"; };
		68D0C0AA18C3245E004B5AB9 /* TAPICReceivedMessage.m */ = {isa = PBXFileReference; fileEncoding = 4; lastKnownFileType = sourcecode.c.objc; path = TAPICReceivedMessage.m; sourceTree = "<group>"; };
		68D0C0AC18C3265B004B5AB9 /* TAPICReceivedMessageCell.h */ = {isa = PBXFileReference; fileEncoding = 4; lastKnownFileType = sourcecode.c.h; path = TAPICReceivedMessageCell.h; sourceTree = "<group>"; };
		68D0C0AD18C3265B004B5AB9 /* TAPICReceivedMessageCell.m */ = {isa = PBXFileReference; fileEncoding = 4; lastKnownFileType = sourcecode.c.objc; path = TAPICReceivedMessageCell.m; sourceTree = "<group>"; };
/* End PBXFileReference section */

/* Begin PBXFrameworksBuildPhase section */
		6810A36918A46F5800FD1F4D /* Frameworks */ = {
			isa = PBXFrameworksBuildPhase;
			buildActionMask = 2147483647;
			files = (
				6810A37218A46F5800FD1F4D /* CoreGraphics.framework in Frameworks */,
				6810A37418A46F5800FD1F4D /* UIKit.framework in Frameworks */,
				6810A37018A46F5800FD1F4D /* Foundation.framework in Frameworks */,
			);
			runOnlyForDeploymentPostprocessing = 0;
		};
		6810A38418A46F5800FD1F4D /* Frameworks */ = {
			isa = PBXFrameworksBuildPhase;
			buildActionMask = 2147483647;
			files = (
				6810A38918A46F5800FD1F4D /* XCTest.framework in Frameworks */,
				6810A38B18A46F5800FD1F4D /* UIKit.framework in Frameworks */,
				6810A38A18A46F5800FD1F4D /* Foundation.framework in Frameworks */,
			);
			runOnlyForDeploymentPostprocessing = 0;
		};
/* End PBXFrameworksBuildPhase section */

/* Begin PBXGroup section */
		6810A36318A46F5800FD1F4D = {
			isa = PBXGroup;
			children = (
				6810A37518A46F5800FD1F4D /* TAPIC */,
				6810A38E18A46F5800FD1F4D /* TAPICTests */,
				6810A36E18A46F5800FD1F4D /* Frameworks */,
				6810A36D18A46F5800FD1F4D /* Products */,
			);
			sourceTree = "<group>";
		};
		6810A36D18A46F5800FD1F4D /* Products */ = {
			isa = PBXGroup;
			children = (
				6810A36C18A46F5800FD1F4D /* TAPIC.app */,
				6810A38718A46F5800FD1F4D /* TAPICTests.xctest */,
			);
			name = Products;
			sourceTree = "<group>";
		};
		6810A36E18A46F5800FD1F4D /* Frameworks */ = {
			isa = PBXGroup;
			children = (
				6810A36F18A46F5800FD1F4D /* Foundation.framework */,
				6810A37118A46F5800FD1F4D /* CoreGraphics.framework */,
				6810A37318A46F5800FD1F4D /* UIKit.framework */,
				6810A38818A46F5800FD1F4D /* XCTest.framework */,
			);
			name = Frameworks;
			sourceTree = "<group>";
		};
		6810A37518A46F5800FD1F4D /* TAPIC */ = {
			isa = PBXGroup;
			children = (
				68686C7F18BEDA3000F1719E /* TAPICTabBarController.h */,
				68686C8018BEDA3000F1719E /* TAPICTabBarController.m */,
				6810A39E18A4701900FD1F4D /* Main.storyboard */,
				68D0C0AF18C326B7004B5AB9 /* Received */,
				68686C8518BF0D9400F1719E /* SOS */,
				68686C8318BF0D1100F1719E /* Text */,
				68686C8218BF0B9400F1719E /* Voice */,
				6810A37E18A46F5800FD1F4D /* TAPICAppDelegate.h */,
				6810A37F18A46F5800FD1F4D /* TAPICAppDelegate.m */,
				6810A38118A46F5800FD1F4D /* Images.xcassets */,
				6810A37618A46F5800FD1F4D /* Supporting Files */,
			);
			path = TAPIC;
			sourceTree = "<group>";
		};
		6810A37618A46F5800FD1F4D /* Supporting Files */ = {
			isa = PBXGroup;
			children = (
				6810A37718A46F5800FD1F4D /* TAPIC-Info.plist */,
				6810A37818A46F5800FD1F4D /* InfoPlist.strings */,
				6810A37B18A46F5800FD1F4D /* main.m */,
				6810A37D18A46F5800FD1F4D /* TAPIC-Prefix.pch */,
			);
			name = "Supporting Files";
			sourceTree = "<group>";
		};
		6810A38E18A46F5800FD1F4D /* TAPICTests */ = {
			isa = PBXGroup;
			children = (
				6810A39418A46F5800FD1F4D /* TAPICTests.m */,
				6810A38F18A46F5800FD1F4D /* Supporting Files */,
			);
			path = TAPICTests;
			sourceTree = "<group>";
		};
		6810A38F18A46F5800FD1F4D /* Supporting Files */ = {
			isa = PBXGroup;
			children = (
				6810A39018A46F5800FD1F4D /* TAPICTests-Info.plist */,
				6810A39118A46F5800FD1F4D /* InfoPlist.strings */,
			);
			name = "Supporting Files";
			sourceTree = "<group>";
		};
		68686C8218BF0B9400F1719E /* Voice */ = {
			isa = PBXGroup;
			children = (
				687AD44218A839D200E03673 /* TAPICVoiceViewController.h */,
				687AD44318A839D200E03673 /* TAPICVoiceViewController.m */,
			);
			name = Voice;
			sourceTree = "<group>";
		};
		68686C8318BF0D1100F1719E /* Text */ = {
			isa = PBXGroup;
			children = (
				68D0C0A318C29D9A004B5AB9 /* TAPICTextMessageViewController.h */,
				68D0C0A418C29D9A004B5AB9 /* TAPICTextMessageViewController.m */,
				68D0C09D18C28965004B5AB9 /* TAPICMessage.h */,
				68D0C09E18C28965004B5AB9 /* TAPICMessage.m */,
				68686C8918BFC14D00F1719E /* TAPICMessageEntryCell.h */,
				68686C8A18BFC14D00F1719E /* TAPICMessageEntryCell.m */,
			);
			name = Text;
			path = ..;
			sourceTree = "<group>";
		};
		68686C8518BF0D9400F1719E /* SOS */ = {
			isa = PBXGroup;
			children = (
				68ABDFDD18B1668100438DEF /* TAPICSOSViewController.h */,
				68ABDFDE18B1668100438DEF /* TAPICSOSViewController.m */,
			);
			name = SOS;
			sourceTree = "<group>";
		};
		68D0C0AF18C326B7004B5AB9 /* Received */ = {
			isa = PBXGroup;
			children = (
				68D0C0A618C322A3004B5AB9 /* TAPICReceivedVoiceMessageTableViewController.h */,
				68D0C0A718C322A3004B5AB9 /* TAPICReceivedVoiceMessageTableViewController.m */,
				68D0C0AC18C3265B004B5AB9 /* TAPICReceivedMessageCell.h */,
				68D0C0AD18C3265B004B5AB9 /* TAPICReceivedMessageCell.m */,
				68D0C0A918C3245E004B5AB9 /* TAPICReceivedMessage.h */,
				68D0C0AA18C3245E004B5AB9 /* TAPICReceivedMessage.m */,
			);
			name = Received;
			sourceTree = "<group>";
		};
/* End PBXGroup section */

/* Begin PBXNativeTarget section */
		6810A36B18A46F5800FD1F4D /* TAPIC */ = {
			isa = PBXNativeTarget;
			buildConfigurationList = 6810A39818A46F5800FD1F4D /* Build configuration list for PBXNativeTarget "TAPIC" */;
			buildPhases = (
				6810A36818A46F5800FD1F4D /* Sources */,
				6810A36918A46F5800FD1F4D /* Frameworks */,
				6810A36A18A46F5800FD1F4D /* Resources */,
			);
			buildRules = (
			);
			dependencies = (
			);
			name = TAPIC;
			productName = TAPIC;
			productReference = 6810A36C18A46F5800FD1F4D /* TAPIC.app */;
			productType = "com.apple.product-type.application";
		};
		6810A38618A46F5800FD1F4D /* TAPICTests */ = {
			isa = PBXNativeTarget;
			buildConfigurationList = 6810A39B18A46F5800FD1F4D /* Build configuration list for PBXNativeTarget "TAPICTests" */;
			buildPhases = (
				6810A38318A46F5800FD1F4D /* Sources */,
				6810A38418A46F5800FD1F4D /* Frameworks */,
				6810A38518A46F5800FD1F4D /* Resources */,
			);
			buildRules = (
			);
			dependencies = (
				6810A38D18A46F5800FD1F4D /* PBXTargetDependency */,
			);
			name = TAPICTests;
			productName = TAPICTests;
			productReference = 6810A38718A46F5800FD1F4D /* TAPICTests.xctest */;
			productType = "com.apple.product-type.bundle.unit-test";
		};
/* End PBXNativeTarget section */

/* Begin PBXProject section */
		6810A36418A46F5800FD1F4D /* Project object */ = {
			isa = PBXProject;
			attributes = {
				CLASSPREFIX = TAPIC;
				LastUpgradeCheck = 0500;
				ORGANIZATIONNAME = "Joshua Ferguson, Randy Harper, Pranay Rungta, and Jake Swartz";
				TargetAttributes = {
					6810A38618A46F5800FD1F4D = {
						TestTargetID = 6810A36B18A46F5800FD1F4D;
					};
				};
			};
			buildConfigurationList = 6810A36718A46F5800FD1F4D /* Build configuration list for PBXProject "TAPIC" */;
			compatibilityVersion = "Xcode 3.2";
			developmentRegion = English;
			hasScannedForEncodings = 0;
			knownRegions = (
				en,
			);
			mainGroup = 6810A36318A46F5800FD1F4D;
			productRefGroup = 6810A36D18A46F5800FD1F4D /* Products */;
			projectDirPath = "";
			projectRoot = "";
			targets = (
				6810A36B18A46F5800FD1F4D /* TAPIC */,
				6810A38618A46F5800FD1F4D /* TAPICTests */,
			);
		};
/* End PBXProject section */

/* Begin PBXResourcesBuildPhase section */
		6810A36A18A46F5800FD1F4D /* Resources */ = {
			isa = PBXResourcesBuildPhase;
			buildActionMask = 2147483647;
			files = (
				6810A39F18A4701900FD1F4D /* Main.storyboard in Resources */,
				6810A37A18A46F5800FD1F4D /* InfoPlist.strings in Resources */,
				6810A38218A46F5800FD1F4D /* Images.xcassets in Resources */,
			);
			runOnlyForDeploymentPostprocessing = 0;
		};
		6810A38518A46F5800FD1F4D /* Resources */ = {
			isa = PBXResourcesBuildPhase;
			buildActionMask = 2147483647;
			files = (
				6810A39318A46F5800FD1F4D /* InfoPlist.strings in Resources */,
			);
			runOnlyForDeploymentPostprocessing = 0;
		};
/* End PBXResourcesBuildPhase section */

/* Begin PBXSourcesBuildPhase section */
		6810A36818A46F5800FD1F4D /* Sources */ = {
			isa = PBXSourcesBuildPhase;
			buildActionMask = 2147483647;
			files = (
				68D0C0A518C29D9A004B5AB9 /* TAPICTextMessageViewController.m in Sources */,
				68ABDFDF18B1668200438DEF /* TAPICSOSViewController.m in Sources */,
				6810A38018A46F5800FD1F4D /* TAPICAppDelegate.m in Sources */,
				68686C8118BEDA3000F1719E /* TAPICTabBarController.m in Sources */,
				6810A37C18A46F5800FD1F4D /* main.m in Sources */,
				68D0C09F18C28965004B5AB9 /* TAPICMessage.m in Sources */,
				68D0C0A818C322A3004B5AB9 /* TAPICReceivedVoiceMessageTableViewController.m in Sources */,
				687AD44418A839D200E03673 /* TAPICVoiceViewController.m in Sources */,
				68D0C0AE18C3265B004B5AB9 /* TAPICReceivedMessageCell.m in Sources */,
				68D0C0AB18C3245E004B5AB9 /* TAPICReceivedMessage.m in Sources */,
				68686C8B18BFC14D00F1719E /* TAPICMessageEntryCell.m in Sources */,
			);
			runOnlyForDeploymentPostprocessing = 0;
		};
		6810A38318A46F5800FD1F4D /* Sources */ = {
			isa = PBXSourcesBuildPhase;
			buildActionMask = 2147483647;
			files = (
				6810A39518A46F5800FD1F4D /* TAPICTests.m in Sources */,
			);
			runOnlyForDeploymentPostprocessing = 0;
		};
/* End PBXSourcesBuildPhase section */

/* Begin PBXTargetDependency section */
		6810A38D18A46F5800FD1F4D /* PBXTargetDependency */ = {
			isa = PBXTargetDependency;
			target = 6810A36B18A46F5800FD1F4D /* TAPIC */;
			targetProxy = 6810A38C18A46F5800FD1F4D /* PBXContainerItemProxy */;
		};
/* End PBXTargetDependency section */

/* Begin PBXVariantGroup section */
		6810A37818A46F5800FD1F4D /* InfoPlist.strings */ = {
			isa = PBXVariantGroup;
			children = (
				6810A37918A46F5800FD1F4D /* en */,
			);
			name = InfoPlist.strings;
			sourceTree = "<group>";
		};
		6810A39118A46F5800FD1F4D /* InfoPlist.strings */ = {
			isa = PBXVariantGroup;
			children = (
				6810A39218A46F5800FD1F4D /* en */,
			);
			name = InfoPlist.strings;
			sourceTree = "<group>";
		};
/* End PBXVariantGroup section */

/* Begin XCBuildConfiguration section */
		6810A39618A46F5800FD1F4D /* Debug */ = {
			isa = XCBuildConfiguration;
			buildSettings = {
				ALWAYS_SEARCH_USER_PATHS = NO;
				ARCHS = "$(ARCHS_STANDARD_INCLUDING_64_BIT)";
				CLANG_CXX_LANGUAGE_STANDARD = "gnu++0x";
				CLANG_CXX_LIBRARY = "libc++";
				CLANG_ENABLE_MODULES = YES;
				CLANG_ENABLE_OBJC_ARC = YES;
				CLANG_WARN_BOOL_CONVERSION = YES;
				CLANG_WARN_CONSTANT_CONVERSION = YES;
				CLANG_WARN_DIRECT_OBJC_ISA_USAGE = YES_ERROR;
				CLANG_WARN_EMPTY_BODY = YES;
				CLANG_WARN_ENUM_CONVERSION = YES;
				CLANG_WARN_INT_CONVERSION = YES;
				CLANG_WARN_OBJC_ROOT_CLASS = YES_ERROR;
				CLANG_WARN__DUPLICATE_METHOD_MATCH = YES;
				"CODE_SIGN_IDENTITY[sdk=iphoneos*]" = "iPhone Developer";
				COPY_PHASE_STRIP = NO;
				GCC_C_LANGUAGE_STANDARD = gnu99;
				GCC_DYNAMIC_NO_PIC = NO;
				GCC_OPTIMIZATION_LEVEL = 0;
				GCC_PREPROCESSOR_DEFINITIONS = (
					"DEBUG=1",
					"$(inherited)",
				);
				GCC_SYMBOLS_PRIVATE_EXTERN = NO;
				GCC_WARN_64_TO_32_BIT_CONVERSION = YES;
				GCC_WARN_ABOUT_RETURN_TYPE = YES_ERROR;
				GCC_WARN_UNDECLARED_SELECTOR = YES;
				GCC_WARN_UNINITIALIZED_AUTOS = YES;
				GCC_WARN_UNUSED_FUNCTION = YES;
				GCC_WARN_UNUSED_VARIABLE = YES;
				IPHONEOS_DEPLOYMENT_TARGET = 7.0;
				ONLY_ACTIVE_ARCH = YES;
				SDKROOT = iphoneos;
			};
			name = Debug;
		};
		6810A39718A46F5800FD1F4D /* Release */ = {
			isa = XCBuildConfiguration;
			buildSettings = {
				ALWAYS_SEARCH_USER_PATHS = NO;
				ARCHS = "$(ARCHS_STANDARD_INCLUDING_64_BIT)";
				CLANG_CXX_LANGUAGE_STANDARD = "gnu++0x";
				CLANG_CXX_LIBRARY = "libc++";
				CLANG_ENABLE_MODULES = YES;
				CLANG_ENABLE_OBJC_ARC = YES;
				CLANG_WARN_BOOL_CONVERSION = YES;
				CLANG_WARN_CONSTANT_CONVERSION = YES;
				CLANG_WARN_DIRECT_OBJC_ISA_USAGE = YES_ERROR;
				CLANG_WARN_EMPTY_BODY = YES;
				CLANG_WARN_ENUM_CONVERSION = YES;
				CLANG_WARN_INT_CONVERSION = YES;
				CLANG_WARN_OBJC_ROOT_CLASS = YES_ERROR;
				CLANG_WARN__DUPLICATE_METHOD_MATCH = YES;
				"CODE_SIGN_IDENTITY[sdk=iphoneos*]" = "iPhone Developer";
				COPY_PHASE_STRIP = YES;
				ENABLE_NS_ASSERTIONS = NO;
				GCC_C_LANGUAGE_STANDARD = gnu99;
				GCC_WARN_64_TO_32_BIT_CONVERSION = YES;
				GCC_WARN_ABOUT_RETURN_TYPE = YES_ERROR;
				GCC_WARN_UNDECLARED_SELECTOR = YES;
				GCC_WARN_UNINITIALIZED_AUTOS = YES;
				GCC_WARN_UNUSED_FUNCTION = YES;
				GCC_WARN_UNUSED_VARIABLE = YES;
				IPHONEOS_DEPLOYMENT_TARGET = 7.0;
				SDKROOT = iphoneos;
				VALIDATE_PRODUCT = YES;
			};
			name = Release;
		};
		6810A39918A46F5800FD1F4D /* Debug */ = {
			isa = XCBuildConfiguration;
			buildSettings = {
				ASSETCATALOG_COMPILER_APPICON_NAME = AppIcon;
				ASSETCATALOG_COMPILER_LAUNCHIMAGE_NAME = LaunchImage;
				GCC_PRECOMPILE_PREFIX_HEADER = YES;
				GCC_PREFIX_HEADER = "TAPIC/TAPIC-Prefix.pch";
				INFOPLIST_FILE = "TAPIC/TAPIC-Info.plist";
				PRODUCT_NAME = "$(TARGET_NAME)";
				WRAPPER_EXTENSION = app;
			};
			name = Debug;
		};
		6810A39A18A46F5800FD1F4D /* Release */ = {
			isa = XCBuildConfiguration;
			buildSettings = {
				ASSETCATALOG_COMPILER_APPICON_NAME = AppIcon;
				ASSETCATALOG_COMPILER_LAUNCHIMAGE_NAME = LaunchImage;
				GCC_PRECOMPILE_PREFIX_HEADER = YES;
				GCC_PREFIX_HEADER = "TAPIC/TAPIC-Prefix.pch";
				INFOPLIST_FILE = "TAPIC/TAPIC-Info.plist";
				PRODUCT_NAME = "$(TARGET_NAME)";
				WRAPPER_EXTENSION = app;
			};
			name = Release;
		};
		6810A39C18A46F5800FD1F4D /* Debug */ = {
			isa = XCBuildConfiguration;
			buildSettings = {
				ARCHS = "$(ARCHS_STANDARD_INCLUDING_64_BIT)";
				BUNDLE_LOADER = "$(BUILT_PRODUCTS_DIR)/TAPIC.app/TAPIC";
				FRAMEWORK_SEARCH_PATHS = (
					"$(SDKROOT)/Developer/Library/Frameworks",
					"$(inherited)",
					"$(DEVELOPER_FRAMEWORKS_DIR)",
				);
				GCC_PRECOMPILE_PREFIX_HEADER = YES;
				GCC_PREFIX_HEADER = "TAPIC/TAPIC-Prefix.pch";
				GCC_PREPROCESSOR_DEFINITIONS = (
					"DEBUG=1",
					"$(inherited)",
				);
				INFOPLIST_FILE = "TAPICTests/TAPICTests-Info.plist";
				PRODUCT_NAME = "$(TARGET_NAME)";
				TEST_HOST = "$(BUNDLE_LOADER)";
				WRAPPER_EXTENSION = xctest;
			};
			name = Debug;
		};
		6810A39D18A46F5800FD1F4D /* Release */ = {
			isa = XCBuildConfiguration;
			buildSettings = {
				ARCHS = "$(ARCHS_STANDARD_INCLUDING_64_BIT)";
				BUNDLE_LOADER = "$(BUILT_PRODUCTS_DIR)/TAPIC.app/TAPIC";
				FRAMEWORK_SEARCH_PATHS = (
					"$(SDKROOT)/Developer/Library/Frameworks",
					"$(inherited)",
					"$(DEVELOPER_FRAMEWORKS_DIR)",
				);
				GCC_PRECOMPILE_PREFIX_HEADER = YES;
				GCC_PREFIX_HEADER = "TAPIC/TAPIC-Prefix.pch";
				INFOPLIST_FILE = "TAPICTests/TAPICTests-Info.plist";
				PRODUCT_NAME = "$(TARGET_NAME)";
				TEST_HOST = "$(BUNDLE_LOADER)";
				WRAPPER_EXTENSION = xctest;
			};
			name = Release;
		};
/* End XCBuildConfiguration section */

/* Begin XCConfigurationList section */
		6810A36718A46F5800FD1F4D /* Build configuration list for PBXProject "TAPIC" */ = {
			isa = XCConfigurationList;
			buildConfigurations = (
				6810A39618A46F5800FD1F4D /* Debug */,
				6810A39718A46F5800FD1F4D /* Release */,
			);
			defaultConfigurationIsVisible = 0;
			defaultConfigurationName = Release;
		};
		6810A39818A46F5800FD1F4D /* Build configuration list for PBXNativeTarget "TAPIC" */ = {
			isa = XCConfigurationList;
			buildConfigurations = (
				6810A39918A46F5800FD1F4D /* Debug */,
				6810A39A18A46F5800FD1F4D /* Release */,
			);
			defaultConfigurationIsVisible = 0;
			defaultConfigurationName = Release;
		};
		6810A39B18A46F5800FD1F4D /* Build configuration list for PBXNativeTarget "TAPICTests" */ = {
			isa = XCConfigurationList;
			buildConfigurations = (
				6810A39C18A46F5800FD1F4D /* Debug */,
				6810A39D18A46F5800FD1F4D /* Release */,
			);
			defaultConfigurationIsVisible = 0;
			defaultConfigurationName = Release;
		};
/* End XCConfigurationList section */
	};
	rootObject = 6810A36418A46F5800FD1F4D /* Project object */;
}
